
Microsoft Visual Studio Solution File, Format Version 12.00
# Visual Studio Version 17
VisualStudioVersion = 17.4.33213.308
MinimumVisualStudioVersion = 10.0.40219.1
Project("{FAE04EC0-301F-11D3-BF4B-00C04F79EFBC}") = "Modul_15_Task_1", "Modul_15_Task_1\Modul_15_Task_1.csproj", "{1E4D9D08-8118-4FAF-9850-C565AEF2868E}"
EndProject
Global
	GlobalSection(SolutionConfigurationPlatforms) = preSolution
		Debug|Any CPU = Debug|Any CPU
		Release|Any CPU = Release|Any CPU
	EndGlobalSection
	GlobalSection(ProjectConfigurationPlatforms) = postSolution
		{1E4D9D08-8118-4FAF-9850-C565AEF2868E}.Debug|Any CPU.ActiveCfg = Debug|Any CPU
		{1E4D9D08-8118-4FAF-9850-C565AEF2868E}.Debug|Any CPU.Build.0 = Debug|Any CPU
		{1E4D9D08-8118-4FAF-9850-C565AEF2868E}.Release|Any CPU.ActiveCfg = Release|Any CPU
		{1E4D9D08-8118-4FAF-9850-C565AEF2868E}.Release|Any CPU.Build.0 = Release|Any CPU
	EndGlobalSection
	GlobalSection(SolutionProperties) = preSolution
		HideSolutionNode = FALSE
	EndGlobalSection
	GlobalSection(ExtensibilityGlobals) = postSolution
		SolutionGuid = {1E8A108F-3EFD-4157-88B8-D1EF1AD41ACA}
	EndGlobalSection
EndGlobal
